
Microsoft Visual Studio Solution File, Format Version 12.00
# Visual Studio Version 17
VisualStudioVersion = 17.0.31903.59
MinimumVisualStudioVersion = 10.0.40219.1
Project("{9A19103F-16F7-4668-BE54-9A1E7A4F7556}") = "OneClickSubscribeApi", "OneClickSubscribeApi\OneClickSubscribeApi.csproj", "{13D42282-D782-47A7-992D-D1CCD05B0D95}"
EndProject
Project("{9A19103F-16F7-4668-BE54-9A1E7A4F7556}") = "OneClickSubscribeApi.Domain", "OneClickSubscribeApi.Domain\OneClickSubscribeApi.Domain.csproj", "{5089E0E7-41B2-4BB2-ADD8-601043547AB5}"
EndProject
Project("{9A19103F-16F7-4668-BE54-9A1E7A4F7556}") = "OneClickSubscribeApi.Infrastructure.Storage", "OneClickSubscribeApi.Infrastructure.Storage\OneClickSubscribeApi.Infrastructure.Storage.csproj", "{7355789A-BB58-4F9F-AA73-903ABAF89AB5}"
EndProject
Project("{9A19103F-16F7-4668-BE54-9A1E7A4F7556}") = "OneClickSubscribeApi.Domain.Tests", "OneClickSubscribeApi.Domain.Tests\OneClickSubscribeApi.Domain.Tests.csproj", "{A195035B-77FD-4574-A771-621E489D874C}"
EndProject
Project("{9A19103F-16F7-4668-BE54-9A1E7A4F7556}") = "OneClickSubscribeApi.Infrastructure.Storage.Tests", "OneClickSubscribeApi.Infrastructure.Storage.Tests\OneClickSubscribeApi.Infrastructure.Storage.Tests.csproj", "{0FA03586-7F77-4690-B369-5EB5F3C2B16D}"
EndProject
Global
	GlobalSection(SolutionConfigurationPlatforms) = preSolution
		Debug|Any CPU = Debug|Any CPU
		Release|Any CPU = Release|Any CPU
	EndGlobalSection
	GlobalSection(ProjectConfigurationPlatforms) = postSolution
		{13D42282-D782-47A7-992D-D1CCD05B0D95}.Debug|Any CPU.ActiveCfg = Debug|Any CPU
		{13D42282-D782-47A7-992D-D1CCD05B0D95}.Debug|Any CPU.Build.0 = Debug|Any CPU
		{13D42282-D782-47A7-992D-D1CCD05B0D95}.Release|Any CPU.ActiveCfg = Release|Any CPU
		{13D42282-D782-47A7-992D-D1CCD05B0D95}.Release|Any CPU.Build.0 = Release|Any CPU
		{5089E0E7-41B2-4BB2-ADD8-601043547AB5}.Debug|Any CPU.ActiveCfg = Debug|Any CPU
		{5089E0E7-41B2-4BB2-ADD8-601043547AB5}.Debug|Any CPU.Build.0 = Debug|Any CPU
		{5089E0E7-41B2-4BB2-ADD8-601043547AB5}.Release|Any CPU.ActiveCfg = Release|Any CPU
		{5089E0E7-41B2-4BB2-ADD8-601043547AB5}.Release|Any CPU.Build.0 = Release|Any CPU
		{7355789A-BB58-4F9F-AA73-903ABAF89AB5}.Debug|Any CPU.ActiveCfg = Debug|Any CPU
		{7355789A-BB58-4F9F-AA73-903ABAF89AB5}.Debug|Any CPU.Build.0 = Debug|Any CPU
		{7355789A-BB58-4F9F-AA73-903ABAF89AB5}.Release|Any CPU.ActiveCfg = Release|Any CPU
		{7355789A-BB58-4F9F-AA73-903ABAF89AB5}.Release|Any CPU.Build.0 = Release|Any CPU
		{A195035B-77FD-4574-A771-621E489D874C}.Debug|Any CPU.ActiveCfg = Debug|Any CPU
		{A195035B-77FD-4574-A771-621E489D874C}.Debug|Any CPU.Build.0 = Debug|Any CPU
		{A195035B-77FD-4574-A771-621E489D874C}.Release|Any CPU.ActiveCfg = Release|Any CPU
		{A195035B-77FD-4574-A771-621E489D874C}.Release|Any CPU.Build.0 = Release|Any CPU
		{0FA03586-7F77-4690-B369-5EB5F3C2B16D}.Debug|Any CPU.ActiveCfg = Debug|Any CPU
		{0FA03586-7F77-4690-B369-5EB5F3C2B16D}.Debug|Any CPU.Build.0 = Debug|Any CPU
		{0FA03586-7F77-4690-B369-5EB5F3C2B16D}.Release|Any CPU.ActiveCfg = Release|Any CPU
		{0FA03586-7F77-4690-B369-5EB5F3C2B16D}.Release|Any CPU.Build.0 = Release|Any CPU
	EndGlobalSection
	GlobalSection(SolutionProperties) = preSolution
		HideSolutionNode = FALSE
	EndGlobalSection
	GlobalSection(ExtensibilityGlobals) = postSolution
		SolutionGuid = {45A86414-2E1F-497B-9708-8BF641D6BE4D}
	EndGlobalSection
EndGlobal
